
Microsoft Visual Studio Solution File, Format Version 12.00
# Visual Studio 15
VisualStudioVersion = 15.0.28307.421
MinimumVisualStudioVersion = 10.0.40219.1
Project("{FAE04EC0-301F-11D3-BF4B-00C04F79EFBC}") = "GroshyrBaseMover", "GroshyrBaseMover\GroshyrBaseMover.csproj", "{5FB282D0-3CFF-45BF-A229-9C349413CD9E}"
EndProject
Global
	GlobalSection(SolutionConfigurationPlatforms) = preSolution
		Debug|Any CPU = Debug|Any CPU
		Release|Any CPU = Release|Any CPU
	EndGlobalSection
	GlobalSection(ProjectConfigurationPlatforms) = postSolution
		{5FB282D0-3CFF-45BF-A229-9C349413CD9E}.Debug|Any CPU.ActiveCfg = Debug|Any CPU
		{5FB282D0-3CFF-45BF-A229-9C349413CD9E}.Debug|Any CPU.Build.0 = Debug|Any CPU
		{5FB282D0-3CFF-45BF-A229-9C349413CD9E}.Release|Any CPU.ActiveCfg = Release|Any CPU
		{5FB282D0-3CFF-45BF-A229-9C349413CD9E}.Release|Any CPU.Build.0 = Release|Any CPU
	EndGlobalSection
	GlobalSection(SolutionProperties) = preSolution
		HideSolutionNode = FALSE
	EndGlobalSection
	GlobalSection(ExtensibilityGlobals) = postSolution
		SolutionGuid = {F27770C0-E574-4EE3-8DBE-5CD00D7C185C}
	EndGlobalSection
EndGlobal
